{
    "_readme": [
        "This file locks the dependencies of your project to a known state",
        "Read more about it at https://getcomposer.org/doc/01-basic-usage.md#installing-dependencies",
        "This file is @generated automatically"
    ],
    "content-hash": "8db0fda8a7c37000bf5de066a0f97442",
    "packages": [
        {
            "name": "coderockr/php-query",
            "version": "dev-master",
            "source": {
                "type": "git",
                "url": "https://github.com/Coderockr/phpQuery.git",
                "reference": "942dff329b484bcadedce5255dab2ea01c9b8d6a"
            },
            "dist": {
                "type": "zip",
                "url": "https://api.github.com/repos/Coderockr/phpQuery/zipball/942dff329b484bcadedce5255dab2ea01c9b8d6a",
                "reference": "942dff329b484bcadedce5255dab2ea01c9b8d6a",
                "shasum": ""
            },
            "require": {
                "php": ">=5.3.0"
            },
            "type": "library",
            "autoload": {
                "psr-0": {
                    "phpQuery": "src"
                }
            },
            "notification-url": "https://packagist.org/downloads/",
            "license": [
                "Mit"
            ],
            "authors": [
                {
                    "name": "Duvanmonsa",
                    "email": "duvanmonsa@gmail.com",
                    "homepage": "https://github.com/duvanmonsa",
                    "role": "Developer"
                },
                {
                    "name": "Elton Minetto",
                    "email": "eminetto@coderockr.com",
                    "homepage": "https://github.com/eminetto",
                    "role": "Developer"
                }
            ],
            "description": "phpQuery",
            "homepage": "https://github.com/coderockr/phpQuery",
            "keywords": [
                "lib",
                "phpQuery"
            ],
            "time": "2016-02-05T16:04:06+00:00"
        },
        {
            "name": "phpoffice/phpexcel",
            "version": "1.8.2",
            "source": {
                "type": "git",
                "url": "https://github.com/PHPOffice/PHPExcel.git",
                "reference": "1441011fb7ecdd8cc689878f54f8b58a6805f870"
            },
            "dist": {
                "type": "zip",
                "url": "https://api.github.com/repos/PHPOffice/PHPExcel/zipball/1441011fb7ecdd8cc689878f54f8b58a6805f870",
                "reference": "1441011fb7ecdd8cc689878f54f8b58a6805f870",
                "shasum": ""
            },
            "require": {
                "ext-mbstring": "*",
                "ext-xml": "*",
                "ext-xmlwriter": "*",
                "php": "^5.2|^7.0"
            },
            "require-dev": {
                "squizlabs/php_codesniffer": "2.*"
            },
            "type": "library",
            "autoload": {
                "psr-0": {
                    "PHPExcel": "Classes/"
                }
            },
            "notification-url": "https://packagist.org/downloads/",
            "license": [
                "LGPL-2.1"
            ],
            "authors": [
                {
                    "name": "Maarten Balliauw",
                    "homepage": "http://blog.maartenballiauw.be"
                },
                {
                    "name": "Erik Tilt"
                },
                {
                    "name": "Franck Lefevre",
                    "homepage": "http://rootslabs.net"
                },
                {
                    "name": "Mark Baker",
                    "homepage": "http://markbakeruk.net"
                }
            ],
            "description": "PHPExcel - OpenXML - Read, Create and Write Spreadsheet documents in PHP - Spreadsheet engine",
            "homepage": "https://github.com/PHPOffice/PHPExcel",
            "keywords": [
                "OpenXML",
                "excel",
                "php",
                "spreadsheet",
                "xls",
                "xlsx"
            ],
            "abandoned": "phpoffice/phpspreadsheet",
            "time": "2018-11-22T23:07:24+00:00"
        }
    ],
    "packages-dev": [],
    "aliases": [],
    "minimum-stability": "stable",
    "stability-flags": {
        "coderockr/php-query": 20
    },
    "prefer-stable": false,
    "prefer-lowest": false,
    "platform": [],
    "platform-dev": []
}
